// !$*UTF8*$!
{
	archiveVersion = 1;
	classes = {
	};
	objectVersion = 46;
	objects = {

/* Begin PBXBuildFile section */
		85DA2C4818E129B200E91DEE /* Foundation.framework in Frameworks */ = {isa = PBXBuildFile; fileRef = 85DA2C4718E129B200E91DEE /* Foundation.framework */; };
		85DA2C4A18E129B200E91DEE /* CoreGraphics.framework in Frameworks */ = {isa = PBXBuildFile; fileRef = 85DA2C4918E129B200E91DEE /* CoreGraphics.framework */; };
		85DA2C4C18E129B200E91DEE /* UIKit.framework in Frameworks */ = {isa = PBXBuildFile; fileRef = 85DA2C4B18E129B200E91DEE /* UIKit.framework */; };
		85DA2C5218E129B200E91DEE /* InfoPlist.strings in Resources */ = {isa = PBXBuildFile; fileRef = 85DA2C5018E129B200E91DEE /* InfoPlist.strings */; };
		85DA2C5418E129B200E91DEE /* main.m in Sources */ = {isa = PBXBuildFile; fileRef = 85DA2C5318E129B200E91DEE /* main.m */; };
		85DA2C5818E129B200E91DEE /* TRAppDelegate.m in Sources */ = {isa = PBXBuildFile; fileRef = 85DA2C5718E129B200E91DEE /* TRAppDelegate.m */; };
		85DA2C5B18E129B200E91DEE /* Main_iPhone.storyboard in Resources */ = {isa = PBXBuildFile; fileRef = 85DA2C5918E129B200E91DEE /* Main_iPhone.storyboard */; };
		85DA2C5E18E129B200E91DEE /* Main_iPad.storyboard in Resources */ = {isa = PBXBuildFile; fileRef = 85DA2C5C18E129B200E91DEE /* Main_iPad.storyboard */; };
		85DA2C6118E129B200E91DEE /* TRViewController.m in Sources */ = {isa = PBXBuildFile; fileRef = 85DA2C6018E129B200E91DEE /* TRViewController.m */; };
		85DA2C6318E129B200E91DEE /* Images.xcassets in Resources */ = {isa = PBXBuildFile; fileRef = 85DA2C6218E129B200E91DEE /* Images.xcassets */; };
		85DA2C6A18E129B200E91DEE /* XCTest.framework in Frameworks */ = {isa = PBXBuildFile; fileRef = 85DA2C6918E129B200E91DEE /* XCTest.framework */; };
		85DA2C6B18E129B200E91DEE /* Foundation.framework in Frameworks */ = {isa = PBXBuildFile; fileRef = 85DA2C4718E129B200E91DEE /* Foundation.framework */; };
		85DA2C6C18E129B200E91DEE /* UIKit.framework in Frameworks */ = {isa = PBXBuildFile; fileRef = 85DA2C4B18E129B200E91DEE /* UIKit.framework */; };
		85DA2C7418E129B200E91DEE /* InfoPlist.strings in Resources */ = {isa = PBXBuildFile; fileRef = 85DA2C7218E129B200E91DEE /* InfoPlist.strings */; };
		85DA2C7618E129B200E91DEE /* Multipeer_ConnectivityTests.m in Sources */ = {isa = PBXBuildFile; fileRef = 85DA2C7518E129B200E91DEE /* Multipeer_ConnectivityTests.m */; };
		85DA2C8018E129FE00E91DEE /* MultipeerConnectivity.framework in Frameworks */ = {isa = PBXBuildFile; fileRef = 85DA2C7F18E129FE00E91DEE /* MultipeerConnectivity.framework */; };
/* End PBXBuildFile section */

/* Begin PBXContainerItemProxy section */
		85DA2C6D18E129B200E91DEE /* PBXContainerItemProxy */ = {
			isa = PBXContainerItemProxy;
			containerPortal = 85DA2C3C18E129B200E91DEE /* Project object */;
			proxyType = 1;
			remoteGlobalIDString = 85DA2C4318E129B200E91DEE;
			remoteInfo = "Multipeer Connectivity";
		};
/* End PBXContainerItemProxy section */

/* Begin PBXFileReference section */
		85DA2C4418E129B200E91DEE /* Multipeer Connectivity.app */ = {isa = PBXFileReference; explicitFileType = wrapper.application; includeInIndex = 0; path = "Multipeer Connectivity.app"; sourceTree = BUILT_PRODUCTS_DIR; };
		85DA2C4718E129B200E91DEE /* Foundation.framework */ = {isa = PBXFileReference; lastKnownFileType = wrapper.framework; name = Foundation.framework; path = System/Library/Frameworks/Foundation.framework; sourceTree = SDKROOT; };
		85DA2C4918E129B200E91DEE /* CoreGraphics.framework */ = {isa = PBXFileReference; lastKnownFileType = wrapper.framework; name = CoreGraphics.framework; path = System/Library/Frameworks/CoreGraphics.framework; sourceTree = SDKROOT; };
		85DA2C4B18E129B200E91DEE /* UIKit.framework */ = {isa = PBXFileReference; lastKnownFileType = wrapper.framework; name = UIKit.framework; path = System/Library/Frameworks/UIKit.framework; sourceTree = SDKROOT; };
		85DA2C4F18E129B200E91DEE /* Multipeer Connectivity-Info.plist */ = {isa = PBXFileReference; lastKnownFileType = text.plist.xml; path = "Multipeer Connectivity-Info.plist"; sourceTree = "<group>"; };
		85DA2C5118E129B200E91DEE /* en */ = {isa = PBXFileReference; lastKnownFileType = text.plist.strings; name = en; path = en.lproj/InfoPlist.strings; sourceTree = "<group>"; };
		85DA2C5318E129B200E91DEE /* main.m */ = {isa = PBXFileReference; lastKnownFileType = sourcecode.c.objc; path = main.m; sourceTree = "<group>"; };
		85DA2C5518E129B200E91DEE /* Multipeer Connectivity-Prefix.pch */ = {isa = PBXFileReference; lastKnownFileType = sourcecode.c.h; path = "Multipeer Connectivity-Prefix.pch"; sourceTree = "<group>"; };
		85DA2C5618E129B200E91DEE /* TRAppDelegate.h */ = {isa = PBXFileReference; lastKnownFileType = sourcecode.c.h; path = TRAppDelegate.h; sourceTree = "<group>"; };
		85DA2C5718E129B200E91DEE /* TRAppDelegate.m */ = {isa = PBXFileReference; lastKnownFileType = sourcecode.c.objc; path = TRAppDelegate.m; sourceTree = "<group>"; };
		85DA2C5A18E129B200E91DEE /* Base */ = {isa = PBXFileReference; lastKnownFileType = file.storyboard; name = Base; path = Base.lproj/Main_iPhone.storyboard; sourceTree = "<group>"; };
		85DA2C5D18E129B200E91DEE /* Base */ = {isa = PBXFileReference; lastKnownFileType = file.storyboard; name = Base; path = Base.lproj/Main_iPad.storyboard; sourceTree = "<group>"; };
		85DA2C5F18E129B200E91DEE /* TRViewController.h */ = {isa = PBXFileReference; lastKnownFileType = sourcecode.c.h; path = TRViewController.h; sourceTree = "<group>"; };
		85DA2C6018E129B200E91DEE /* TRViewController.m */ = {isa = PBXFileReference; lastKnownFileType = sourcecode.c.objc; path = TRViewController.m; sourceTree = "<group>"; };
		85DA2C6218E129B200E91DEE /* Images.xcassets */ = {isa = PBXFileReference; lastKnownFileType = folder.assetcatalog; path = Images.xcassets; sourceTree = "<group>"; };
		85DA2C6818E129B200E91DEE /* Multipeer ConnectivityTests.xctest */ = {isa = PBXFileReference; explicitFileType = wrapper.cfbundle; includeInIndex = 0; path = "Multipeer ConnectivityTests.xctest"; sourceTree = BUILT_PRODUCTS_DIR; };
		85DA2C6918E129B200E91DEE /* XCTest.framework */ = {isa = PBXFileReference; lastKnownFileType = wrapper.framework; name = XCTest.framework; path = Library/Frameworks/XCTest.framework; sourceTree = DEVELOPER_DIR; };
		85DA2C7118E129B200E91DEE /* Multipeer ConnectivityTests-Info.plist */ = {isa = PBXFileReference; lastKnownFileType = text.plist.xml; path = "Multipeer ConnectivityTests-Info.plist"; sourceTree = "<group>"; };
		85DA2C7318E129B200E91DEE /* en */ = {isa = PBXFileReference; lastKnownFileType = text.plist.strings; name = en; path = en.lproj/InfoPlist.strings; sourceTree = "<group>"; };
		85DA2C7518E129B200E91DEE /* Multipeer_ConnectivityTests.m */ = {isa = PBXFileReference; lastKnownFileType = sourcecode.c.objc; path = Multipeer_ConnectivityTests.m; sourceTree = "<group>"; };
		85DA2C7F18E129FE00E91DEE /* MultipeerConnectivity.framework */ = {isa = PBXFileReference; lastKnownFileType = wrapper.framework; name = MultipeerConnectivity.framework; path = System/Library/Frameworks/MultipeerConnectivity.framework; sourceTree = SDKROOT; };
/* End PBXFileReference section */

/* Begin PBXFrameworksBuildPhase section */
		85DA2C4118E129B200E91DEE /* Frameworks */ = {
			isa = PBXFrameworksBuildPhase;
			buildActionMask = 2147483647;
			files = (
				85DA2C8018E129FE00E91DEE /* MultipeerConnectivity.framework in Frameworks */,
				85DA2C4A18E129B200E91DEE /* CoreGraphics.framework in Frameworks */,
				85DA2C4C18E129B200E91DEE /* UIKit.framework in Frameworks */,
				85DA2C4818E129B200E91DEE /* Foundation.framework in Frameworks */,
			);
			runOnlyForDeploymentPostprocessing = 0;
		};
		85DA2C6518E129B200E91DEE /* Frameworks */ = {
			isa = PBXFrameworksBuildPhase;
			buildActionMask = 2147483647;
			files = (
				85DA2C6A18E129B200E91DEE /* XCTest.framework in Frameworks */,
				85DA2C6C18E129B200E91DEE /* UIKit.framework in Frameworks */,
				85DA2C6B18E129B200E91DEE /* Foundation.framework in Frameworks */,
			);
			runOnlyForDeploymentPostprocessing = 0;
		};
/* End PBXFrameworksBuildPhase section */

/* Begin PBXGroup section */
		85DA2C3B18E129B200E91DEE = {
			isa = PBXGroup;
			children = (
				85DA2C4D18E129B200E91DEE /* Multipeer Connectivity */,
				85DA2C6F18E129B200E91DEE /* Multipeer ConnectivityTests */,
				85DA2C4618E129B200E91DEE /* Frameworks */,
				85DA2C4518E129B200E91DEE /* Products */,
			);
			sourceTree = "<group>";
		};
		85DA2C4518E129B200E91DEE /* Products */ = {
			isa = PBXGroup;
			children = (
				85DA2C4418E129B200E91DEE /* Multipeer Connectivity.app */,
				85DA2C6818E129B200E91DEE /* Multipeer ConnectivityTests.xctest */,
			);
			name = Products;
			sourceTree = "<group>";
		};
		85DA2C4618E129B200E91DEE /* Frameworks */ = {
			isa = PBXGroup;
			children = (
				85DA2C7F18E129FE00E91DEE /* MultipeerConnectivity.framework */,
				85DA2C4718E129B200E91DEE /* Foundation.framework */,
				85DA2C4918E129B200E91DEE /* CoreGraphics.framework */,
				85DA2C4B18E129B200E91DEE /* UIKit.framework */,
				85DA2C6918E129B200E91DEE /* XCTest.framework */,
			);
			name = Frameworks;
			sourceTree = "<group>";
		};
		85DA2C4D18E129B200E91DEE /* Multipeer Connectivity */ = {
			isa = PBXGroup;
			children = (
				85DA2C5618E129B200E91DEE /* TRAppDelegate.h */,
				85DA2C5718E129B200E91DEE /* TRAppDelegate.m */,
				85DA2C5918E129B200E91DEE /* Main_iPhone.storyboard */,
				85DA2C5C18E129B200E91DEE /* Main_iPad.storyboard */,
				85DA2C5F18E129B200E91DEE /* TRViewController.h */,
				85DA2C6018E129B200E91DEE /* TRViewController.m */,
				85DA2C6218E129B200E91DEE /* Images.xcassets */,
				85DA2C4E18E129B200E91DEE /* Supporting Files */,
			);
			path = "Multipeer Connectivity";
			sourceTree = "<group>";
		};
		85DA2C4E18E129B200E91DEE /* Supporting Files */ = {
			isa = PBXGroup;
			children = (
				85DA2C4F18E129B200E91DEE /* Multipeer Connectivity-Info.plist */,
				85DA2C5018E129B200E91DEE /* InfoPlist.strings */,
				85DA2C5318E129B200E91DEE /* main.m */,
				85DA2C5518E129B200E91DEE /* Multipeer Connectivity-Prefix.pch */,
			);
			name = "Supporting Files";
			sourceTree = "<group>";
		};
		85DA2C6F18E129B200E91DEE /* Multipeer ConnectivityTests */ = {
			isa = PBXGroup;
			children = (
				85DA2C7518E129B200E91DEE /* Multipeer_ConnectivityTests.m */,
				85DA2C7018E129B200E91DEE /* Supporting Files */,
			);
			path = "Multipeer ConnectivityTests";
			sourceTree = "<group>";
		};
		85DA2C7018E129B200E91DEE /* Supporting Files */ = {
			isa = PBXGroup;
			children = (
				85DA2C7118E129B200E91DEE /* Multipeer ConnectivityTests-Info.plist */,
				85DA2C7218E129B200E91DEE /* InfoPlist.strings */,
			);
			name = "Supporting Files";
			sourceTree = "<group>";
		};
/* End PBXGroup section */

/* Begin PBXNativeTarget section */
		85DA2C4318E129B200E91DEE /* Multipeer Connectivity */ = {
			isa = PBXNativeTarget;
			buildConfigurationList = 85DA2C7918E129B200E91DEE /* Build configuration list for PBXNativeTarget "Multipeer Connectivity" */;
			buildPhases = (
				85DA2C4018E129B200E91DEE /* Sources */,
				85DA2C4118E129B200E91DEE /* Frameworks */,
				85DA2C4218E129B200E91DEE /* Resources */,
			);
			buildRules = (
			);
			dependencies = (
			);
			name = "Multipeer Connectivity";
			productName = "Multipeer Connectivity";
			productReference = 85DA2C4418E129B200E91DEE /* Multipeer Connectivity.app */;
			productType = "com.apple.product-type.application";
		};
		85DA2C6718E129B200E91DEE /* Multipeer ConnectivityTests */ = {
			isa = PBXNativeTarget;
			buildConfigurationList = 85DA2C7C18E129B200E91DEE /* Build configuration list for PBXNativeTarget "Multipeer ConnectivityTests" */;
			buildPhases = (
				85DA2C6418E129B200E91DEE /* Sources */,
				85DA2C6518E129B200E91DEE /* Frameworks */,
				85DA2C6618E129B200E91DEE /* Resources */,
			);
			buildRules = (
			);
			dependencies = (
				85DA2C6E18E129B200E91DEE /* PBXTargetDependency */,
			);
			name = "Multipeer ConnectivityTests";
			productName = "Multipeer ConnectivityTests";
			productReference = 85DA2C6818E129B200E91DEE /* Multipeer ConnectivityTests.xctest */;
			productType = "com.apple.product-type.bundle.unit-test";
		};
/* End PBXNativeTarget section */

/* Begin PBXProject section */
		85DA2C3C18E129B200E91DEE /* Project object */ = {
			isa = PBXProject;
			attributes = {
				CLASSPREFIX = TR;
				LastUpgradeCheck = 0510;
				ORGANIZATIONNAME = Tarena;
				TargetAttributes = {
					85DA2C6718E129B200E91DEE = {
						TestTargetID = 85DA2C4318E129B200E91DEE;
					};
				};
			};
			buildConfigurationList = 85DA2C3F18E129B200E91DEE /* Build configuration list for PBXProject "Multipeer Connectivity" */;
			compatibilityVersion = "Xcode 3.2";
			developmentRegion = English;
			hasScannedForEncodings = 0;
			knownRegions = (
				en,
				Base,
			);
			mainGroup = 85DA2C3B18E129B200E91DEE;
			productRefGroup = 85DA2C4518E129B200E91DEE /* Products */;
			projectDirPath = "";
			projectRoot = "";
			targets = (
				85DA2C4318E129B200E91DEE /* Multipeer Connectivity */,
				85DA2C6718E129B200E91DEE /* Multipeer ConnectivityTests */,
			);
		};
/* End PBXProject section */

/* Begin PBXResourcesBuildPhase section */
		85DA2C4218E129B200E91DEE /* Resources */ = {
			isa = PBXResourcesBuildPhase;
			buildActionMask = 2147483647;
			files = (
				85DA2C5E18E129B200E91DEE /* Main_iPad.storyboard in Resources */,
				85DA2C6318E129B200E91DEE /* Images.xcassets in Resources */,
				85DA2C5B18E129B200E91DEE /* Main_iPhone.storyboard in Resources */,
				85DA2C5218E129B200E91DEE /* InfoPlist.strings in Resources */,
			);
			runOnlyForDeploymentPostprocessing = 0;
		};
		85DA2C6618E129B200E91DEE /* Resources */ = {
			isa = PBXResourcesBuildPhase;
			buildActionMask = 2147483647;
			files = (
				85DA2C7418E129B200E91DEE /* InfoPlist.strings in Resources */,
			);
			runOnlyForDeploymentPostprocessing = 0;
		};
/* End PBXResourcesBuildPhase section */

/* Begin PBXSourcesBuildPhase section */
		85DA2C4018E129B200E91DEE /* Sources */ = {
			isa = PBXSourcesBuildPhase;
			buildActionMask = 2147483647;
			files = (
				85DA2C5818E129B200E91DEE /* TRAppDelegate.m in Sources */,
				85DA2C5418E129B200E91DEE /* main.m in Sources */,
				85DA2C6118E129B200E91DEE /* TRViewController.m in Sources */,
			);
			runOnlyForDeploymentPostprocessing = 0;
		};
		85DA2C6418E129B200E91DEE /* Sources */ = {
			isa = PBXSourcesBuildPhase;
			buildActionMask = 2147483647;
			files = (
				85DA2C7618E129B200E91DEE /* Multipeer_ConnectivityTests.m in Sources */,
			);
			runOnlyForDeploymentPostprocessing = 0;
		};
/* End PBXSourcesBuildPhase section */

/* Begin PBXTargetDependency section */
		85DA2C6E18E129B200E91DEE /* PBXTargetDependency */ = {
			isa = PBXTargetDependency;
			target = 85DA2C4318E129B200E91DEE /* Multipeer Connectivity */;
			targetProxy = 85DA2C6D18E129B200E91DEE /* PBXContainerItemProxy */;
		};
/* End PBXTargetDependency section */

/* Begin PBXVariantGroup section */
		85DA2C5018E129B200E91DEE /* InfoPlist.strings */ = {
			isa = PBXVariantGroup;
			children = (
				85DA2C5118E129B200E91DEE /* en */,
			);
			name = InfoPlist.strings;
			sourceTree = "<group>";
		};
		85DA2C5918E129B200E91DEE /* Main_iPhone.storyboard */ = {
			isa = PBXVariantGroup;
			children = (
				85DA2C5A18E129B200E91DEE /* Base */,
			);
			name = Main_iPhone.storyboard;
			sourceTree = "<group>";
		};
		85DA2C5C18E129B200E91DEE /* Main_iPad.storyboard */ = {
			isa = PBXVariantGroup;
			children = (
				85DA2C5D18E129B200E91DEE /* Base */,
			);
			name = Main_iPad.storyboard;
			sourceTree = "<group>";
		};
		85DA2C7218E129B200E91DEE /* InfoPlist.strings */ = {
			isa = PBXVariantGroup;
			children = (
				85DA2C7318E129B200E91DEE /* en */,
			);
			name = InfoPlist.strings;
			sourceTree = "<group>";
		};
/* End PBXVariantGroup section */

/* Begin XCBuildConfiguration section */
		85DA2C7718E129B200E91DEE /* Debug */ = {
			isa = XCBuildConfiguration;
			buildSettings = {
				ALWAYS_SEARCH_USER_PATHS = NO;
				CLANG_CXX_LANGUAGE_STANDARD = "gnu++0x";
				CLANG_CXX_LIBRARY = "libc++";
				CLANG_ENABLE_MODULES = YES;
				CLANG_ENABLE_OBJC_ARC = YES;
				CLANG_WARN_BOOL_CONVERSION = YES;
				CLANG_WARN_CONSTANT_CONVERSION = YES;
				CLANG_WARN_DIRECT_OBJC_ISA_USAGE = YES_ERROR;
				CLANG_WARN_EMPTY_BODY = YES;
				CLANG_WARN_ENUM_CONVERSION = YES;
				CLANG_WARN_INT_CONVERSION = YES;
				CLANG_WARN_OBJC_ROOT_CLASS = YES_ERROR;
				CLANG_WARN__DUPLICATE_METHOD_MATCH = YES;
				"CODE_SIGN_IDENTITY[sdk=iphoneos*]" = "iPhone Developer";
				COPY_PHASE_STRIP = NO;
				GCC_C_LANGUAGE_STANDARD = gnu99;
				GCC_DYNAMIC_NO_PIC = NO;
				GCC_OPTIMIZATION_LEVEL = 0;
				GCC_PREPROCESSOR_DEFINITIONS = (
					"DEBUG=1",
					"$(inherited)",
				);
				GCC_SYMBOLS_PRIVATE_EXTERN = NO;
				GCC_WARN_64_TO_32_BIT_CONVERSION = YES;
				GCC_WARN_ABOUT_RETURN_TYPE = YES_ERROR;
				GCC_WARN_UNDECLARED_SELECTOR = YES;
				GCC_WARN_UNINITIALIZED_AUTOS = YES_AGGRESSIVE;
				GCC_WARN_UNUSED_FUNCTION = YES;
				GCC_WARN_UNUSED_VARIABLE = YES;
				IPHONEOS_DEPLOYMENT_TARGET = 7.1;
				ONLY_ACTIVE_ARCH = YES;
				SDKROOT = iphoneos;
				TARGETED_DEVICE_FAMILY = "1,2";
			};
			name = Debug;
		};
		85DA2C7818E129B200E91DEE /* Release */ = {
			isa = XCBuildConfiguration;
			buildSettings = {
				ALWAYS_SEARCH_USER_PATHS = NO;
				CLANG_CXX_LANGUAGE_STANDARD = "gnu++0x";
				CLANG_CXX_LIBRARY = "libc++";
				CLANG_ENABLE_MODULES = YES;
				CLANG_ENABLE_OBJC_ARC = YES;
				CLANG_WARN_BOOL_CONVERSION = YES;
				CLANG_WARN_CONSTANT_CONVERSION = YES;
				CLANG_WARN_DIRECT_OBJC_ISA_USAGE = YES_ERROR;
				CLANG_WARN_EMPTY_BODY = YES;
				CLANG_WARN_ENUM_CONVERSION = YES;
				CLANG_WARN_INT_CONVERSION = YES;
				CLANG_WARN_OBJC_ROOT_CLASS = YES_ERROR;
				CLANG_WARN__DUPLICATE_METHOD_MATCH = YES;
				"CODE_SIGN_IDENTITY[sdk=iphoneos*]" = "iPhone Developer";
				COPY_PHASE_STRIP = YES;
				ENABLE_NS_ASSERTIONS = NO;
				GCC_C_LANGUAGE_STANDARD = gnu99;
				GCC_WARN_64_TO_32_BIT_CONVERSION = YES;
				GCC_WARN_ABOUT_RETURN_TYPE = YES_ERROR;
				GCC_WARN_UNDECLARED_SELECTOR = YES;
				GCC_WARN_UNINITIALIZED_AUTOS = YES_AGGRESSIVE;
				GCC_WARN_UNUSED_FUNCTION = YES;
				GCC_WARN_UNUSED_VARIABLE = YES;
				IPHONEOS_DEPLOYMENT_TARGET = 7.1;
				SDKROOT = iphoneos;
				TARGETED_DEVICE_FAMILY = "1,2";
				VALIDATE_PRODUCT = YES;
			};
			name = Release;
		};
		85DA2C7A18E129B200E91DEE /* Debug */ = {
			isa = XCBuildConfiguration;
			buildSettings = {
				ASSETCATALOG_COMPILER_APPICON_NAME = AppIcon;
				ASSETCATALOG_COMPILER_LAUNCHIMAGE_NAME = LaunchImage;
				GCC_PRECOMPILE_PREFIX_HEADER = YES;
				GCC_PREFIX_HEADER = "Multipeer Connectivity/Multipeer Connectivity-Prefix.pch";
				INFOPLIST_FILE = "Multipeer Connectivity/Multipeer Connectivity-Info.plist";
				PRODUCT_NAME = "$(TARGET_NAME)";
				WRAPPER_EXTENSION = app;
			};
			name = Debug;
		};
		85DA2C7B18E129B200E91DEE /* Release */ = {
			isa = XCBuildConfiguration;
			buildSettings = {
				ASSETCATALOG_COMPILER_APPICON_NAME = AppIcon;
				ASSETCATALOG_COMPILER_LAUNCHIMAGE_NAME = LaunchImage;
				GCC_PRECOMPILE_PREFIX_HEADER = YES;
				GCC_PREFIX_HEADER = "Multipeer Connectivity/Multipeer Connectivity-Prefix.pch";
				INFOPLIST_FILE = "Multipeer Connectivity/Multipeer Connectivity-Info.plist";
				PRODUCT_NAME = "$(TARGET_NAME)";
				WRAPPER_EXTENSION = app;
			};
			name = Release;
		};
		85DA2C7D18E129B200E91DEE /* Debug */ = {
			isa = XCBuildConfiguration;
			buildSettings = {
				BUNDLE_LOADER = "$(BUILT_PRODUCTS_DIR)/Multipeer Connectivity.app/Multipeer Connectivity";
				FRAMEWORK_SEARCH_PATHS = (
					"$(SDKROOT)/Developer/Library/Frameworks",
					"$(inherited)",
					"$(DEVELOPER_FRAMEWORKS_DIR)",
				);
				GCC_PRECOMPILE_PREFIX_HEADER = YES;
				GCC_PREFIX_HEADER = "Multipeer Connectivity/Multipeer Connectivity-Prefix.pch";
				GCC_PREPROCESSOR_DEFINITIONS = (
					"DEBUG=1",
					"$(inherited)",
				);
				INFOPLIST_FILE = "Multipeer ConnectivityTests/Multipeer ConnectivityTests-Info.plist";
				PRODUCT_NAME = "$(TARGET_NAME)";
				TEST_HOST = "$(BUNDLE_LOADER)";
				WRAPPER_EXTENSION = xctest;
			};
			name = Debug;
		};
		85DA2C7E18E129B200E91DEE /* Release */ = {
			isa = XCBuildConfiguration;
			buildSettings = {
				BUNDLE_LOADER = "$(BUILT_PRODUCTS_DIR)/Multipeer Connectivity.app/Multipeer Connectivity";
				FRAMEWORK_SEARCH_PATHS = (
					"$(SDKROOT)/Developer/Library/Frameworks",
					"$(inherited)",
					"$(DEVELOPER_FRAMEWORKS_DIR)",
				);
				GCC_PRECOMPILE_PREFIX_HEADER = YES;
				GCC_PREFIX_HEADER = "Multipeer Connectivity/Multipeer Connectivity-Prefix.pch";
				INFOPLIST_FILE = "Multipeer ConnectivityTests/Multipeer ConnectivityTests-Info.plist";
				PRODUCT_NAME = "$(TARGET_NAME)";
				TEST_HOST = "$(BUNDLE_LOADER)";
				WRAPPER_EXTENSION = xctest;
			};
			name = Release;
		};
/* End XCBuildConfiguration section */

/* Begin XCConfigurationList section */
		85DA2C3F18E129B200E91DEE /* Build configuration list for PBXProject "Multipeer Connectivity" */ = {
			isa = XCConfigurationList;
			buildConfigurations = (
				85DA2C7718E129B200E91DEE /* Debug */,
				85DA2C7818E129B200E91DEE /* Release */,
			);
			defaultConfigurationIsVisible = 0;
			defaultConfigurationName = Release;
		};
		85DA2C7918E129B200E91DEE /* Build configuration list for PBXNativeTarget "Multipeer Connectivity" */ = {
			isa = XCConfigurationList;
			buildConfigurations = (
				85DA2C7A18E129B200E91DEE /* Debug */,
				85DA2C7B18E129B200E91DEE /* Release */,
			);
			defaultConfigurationIsVisible = 0;
		};
		85DA2C7C18E129B200E91DEE /* Build configuration list for PBXNativeTarget "Multipeer ConnectivityTests" */ = {
			isa = XCConfigurationList;
			buildConfigurations = (
				85DA2C7D18E129B200E91DEE /* Debug */,
				85DA2C7E18E129B200E91DEE /* Release */,
			);
			defaultConfigurationIsVisible = 0;
		};
/* End XCConfigurationList section */
	};
	rootObject = 85DA2C3C18E129B200E91DEE /* Project object */;
}
